
Microsoft Visual Studio Solution File, Format Version 12.00
# Visual Studio 15
VisualStudioVersion = 15.0.28307.168
MinimumVisualStudioVersion = 10.0.40219.1
Project("{11A8DD76-328B-46DF-9F39-F559912D0360}") = "nanoFramework.Hardware.Esp32.RMT.NeoPixel", "nanoFramework.Hardware.Esp32.RMT.NeoPixel\nanoFramework.Hardware.Esp32.RMT.NeoPixel.nfproj", "{32D49BFD-B60E-422F-9943-A0E8D4AB3D74}"
EndProject
Project("{11A8DD76-328B-46DF-9F39-F559912D0360}") = "nanoFramework.Hardware.Esp32.RMT", "nanoFramework.Hardware.Esp32.RMT\nanoFramework.Hardware.Esp32.RMT\nanoFramework.Hardware.Esp32.RMT.nfproj", "{812A3CFF-47E0-4B02-8B0A-5F3796EB2ABC}"
EndProject
Global
	GlobalSection(SolutionConfigurationPlatforms) = preSolution
		Debug|Any CPU = Debug|Any CPU
		Release|Any CPU = Release|Any CPU
	EndGlobalSection
	GlobalSection(ProjectConfigurationPlatforms) = postSolution
		{32D49BFD-B60E-422F-9943-A0E8D4AB3D74}.Debug|Any CPU.ActiveCfg = Debug|Any CPU
		{32D49BFD-B60E-422F-9943-A0E8D4AB3D74}.Debug|Any CPU.Build.0 = Debug|Any CPU
		{32D49BFD-B60E-422F-9943-A0E8D4AB3D74}.Debug|Any CPU.Deploy.0 = Debug|Any CPU
		{32D49BFD-B60E-422F-9943-A0E8D4AB3D74}.Release|Any CPU.ActiveCfg = Release|Any CPU
		{32D49BFD-B60E-422F-9943-A0E8D4AB3D74}.Release|Any CPU.Build.0 = Release|Any CPU
		{32D49BFD-B60E-422F-9943-A0E8D4AB3D74}.Release|Any CPU.Deploy.0 = Release|Any CPU
		{812A3CFF-47E0-4B02-8B0A-5F3796EB2ABC}.Debug|Any CPU.ActiveCfg = Debug|Any CPU
		{812A3CFF-47E0-4B02-8B0A-5F3796EB2ABC}.Debug|Any CPU.Build.0 = Debug|Any CPU
		{812A3CFF-47E0-4B02-8B0A-5F3796EB2ABC}.Debug|Any CPU.Deploy.0 = Debug|Any CPU
		{812A3CFF-47E0-4B02-8B0A-5F3796EB2ABC}.Release|Any CPU.ActiveCfg = Release|Any CPU
		{812A3CFF-47E0-4B02-8B0A-5F3796EB2ABC}.Release|Any CPU.Build.0 = Release|Any CPU
		{812A3CFF-47E0-4B02-8B0A-5F3796EB2ABC}.Release|Any CPU.Deploy.0 = Release|Any CPU
	EndGlobalSection
	GlobalSection(SolutionProperties) = preSolution
		HideSolutionNode = FALSE
	EndGlobalSection
	GlobalSection(ExtensibilityGlobals) = postSolution
		SolutionGuid = {527CD67C-D8F4-4686-AFE1-3F0C86473B6F}
	EndGlobalSection
EndGlobal
